// !$*UTF8*$!
{
	archiveVersion = 1;
	classes = {
	};
	objectVersion = 55;
	objects = {

/* Begin PBXBuildFile section */
		83ADD1CE27D369D000DC6481 /* AppDelegate.swift in Sources */ = {isa = PBXBuildFile; fileRef = 83ADD1CD27D369D000DC6481 /* AppDelegate.swift */; };
		83ADD1D027D369D000DC6481 /* SceneDelegate.swift in Sources */ = {isa = PBXBuildFile; fileRef = 83ADD1CF27D369D000DC6481 /* SceneDelegate.swift */; };
		83ADD1D227D369D000DC6481 /* ViewController.swift in Sources */ = {isa = PBXBuildFile; fileRef = 83ADD1D127D369D000DC6481 /* ViewController.swift */; };
		83ADD1D527D369D000DC6481 /* Main.storyboard in Resources */ = {isa = PBXBuildFile; fileRef = 83ADD1D327D369D000DC6481 /* Main.storyboard */; };
		83ADD1D727D369D600DC6481 /* Assets.xcassets in Resources */ = {isa = PBXBuildFile; fileRef = 83ADD1D627D369D600DC6481 /* Assets.xcassets */; };
		83ADD1DA27D369D600DC6481 /* LaunchScreen.storyboard in Resources */ = {isa = PBXBuildFile; fileRef = 83ADD1D827D369D600DC6481 /* LaunchScreen.storyboard */; };
		83ADD1E527D369D700DC6481 /* GetAndPostTestTests.swift in Sources */ = {isa = PBXBuildFile; fileRef = 83ADD1E427D369D700DC6481 /* GetAndPostTestTests.swift */; };
		83ADD1EF27D369D700DC6481 /* GetAndPostTestUITests.swift in Sources */ = {isa = PBXBuildFile; fileRef = 83ADD1EE27D369D700DC6481 /* GetAndPostTestUITests.swift */; };
		83ADD1F127D369D700DC6481 /* GetAndPostTestUITestsLaunchTests.swift in Sources */ = {isa = PBXBuildFile; fileRef = 83ADD1F027D369D700DC6481 /* GetAndPostTestUITestsLaunchTests.swift */; };
/* End PBXBuildFile section */

/* Begin PBXContainerItemProxy section */
		83ADD1E127D369D700DC6481 /* PBXContainerItemProxy */ = {
			isa = PBXContainerItemProxy;
			containerPortal = 83ADD1C227D369D000DC6481 /* Project object */;
			proxyType = 1;
			remoteGlobalIDString = 83ADD1C927D369D000DC6481;
			remoteInfo = GetAndPostTest;
		};
		83ADD1EB27D369D700DC6481 /* PBXContainerItemProxy */ = {
			isa = PBXContainerItemProxy;
			containerPortal = 83ADD1C227D369D000DC6481 /* Project object */;
			proxyType = 1;
			remoteGlobalIDString = 83ADD1C927D369D000DC6481;
			remoteInfo = GetAndPostTest;
		};
/* End PBXContainerItemProxy section */

/* Begin PBXFileReference section */
		83ADD1CA27D369D000DC6481 /* GetAndPostTest.app */ = {isa = PBXFileReference; explicitFileType = wrapper.application; includeInIndex = 0; path = GetAndPostTest.app; sourceTree = BUILT_PRODUCTS_DIR; };
		83ADD1CD27D369D000DC6481 /* AppDelegate.swift */ = {isa = PBXFileReference; lastKnownFileType = sourcecode.swift; path = AppDelegate.swift; sourceTree = "<group>"; };
		83ADD1CF27D369D000DC6481 /* SceneDelegate.swift */ = {isa = PBXFileReference; lastKnownFileType = sourcecode.swift; path = SceneDelegate.swift; sourceTree = "<group>"; };
		83ADD1D127D369D000DC6481 /* ViewController.swift */ = {isa = PBXFileReference; lastKnownFileType = sourcecode.swift; path = ViewController.swift; sourceTree = "<group>"; };
		83ADD1D427D369D000DC6481 /* Base */ = {isa = PBXFileReference; lastKnownFileType = file.storyboard; name = Base; path = Base.lproj/Main.storyboard; sourceTree = "<group>"; };
		83ADD1D627D369D600DC6481 /* Assets.xcassets */ = {isa = PBXFileReference; lastKnownFileType = folder.assetcatalog; path = Assets.xcassets; sourceTree = "<group>"; };
		83ADD1D927D369D600DC6481 /* Base */ = {isa = PBXFileReference; lastKnownFileType = file.storyboard; name = Base; path = Base.lproj/LaunchScreen.storyboard; sourceTree = "<group>"; };
		83ADD1DB27D369D600DC6481 /* Info.plist */ = {isa = PBXFileReference; lastKnownFileType = text.plist.xml; path = Info.plist; sourceTree = "<group>"; };
		83ADD1E027D369D700DC6481 /* GetAndPostTestTests.xctest */ = {isa = PBXFileReference; explicitFileType = wrapper.cfbundle; includeInIndex = 0; path = GetAndPostTestTests.xctest; sourceTree = BUILT_PRODUCTS_DIR; };
		83ADD1E427D369D700DC6481 /* GetAndPostTestTests.swift */ = {isa = PBXFileReference; lastKnownFileType = sourcecode.swift; path = GetAndPostTestTests.swift; sourceTree = "<group>"; };
		83ADD1EA27D369D700DC6481 /* GetAndPostTestUITests.xctest */ = {isa = PBXFileReference; explicitFileType = wrapper.cfbundle; includeInIndex = 0; path = GetAndPostTestUITests.xctest; sourceTree = BUILT_PRODUCTS_DIR; };
		83ADD1EE27D369D700DC6481 /* GetAndPostTestUITests.swift */ = {isa = PBXFileReference; lastKnownFileType = sourcecode.swift; path = GetAndPostTestUITests.swift; sourceTree = "<group>"; };
		83ADD1F027D369D700DC6481 /* GetAndPostTestUITestsLaunchTests.swift */ = {isa = PBXFileReference; lastKnownFileType = sourcecode.swift; path = GetAndPostTestUITestsLaunchTests.swift; sourceTree = "<group>"; };
/* End PBXFileReference section */

/* Begin PBXFrameworksBuildPhase section */
		83ADD1C727D369D000DC6481 /* Frameworks */ = {
			isa = PBXFrameworksBuildPhase;
			buildActionMask = 2147483647;
			files = (
			);
			runOnlyForDeploymentPostprocessing = 0;
		};
		83ADD1DD27D369D700DC6481 /* Frameworks */ = {
			isa = PBXFrameworksBuildPhase;
			buildActionMask = 2147483647;
			files = (
			);
			runOnlyForDeploymentPostprocessing = 0;
		};
		83ADD1E727D369D700DC6481 /* Frameworks */ = {
			isa = PBXFrameworksBuildPhase;
			buildActionMask = 2147483647;
			files = (
			);
			runOnlyForDeploymentPostprocessing = 0;
		};
/* End PBXFrameworksBuildPhase section */

/* Begin PBXGroup section */
		83ADD1C127D369D000DC6481 = {
			isa = PBXGroup;
			children = (
				83ADD1CC27D369D000DC6481 /* GetAndPostTest */,
				83ADD1E327D369D700DC6481 /* GetAndPostTestTests */,
				83ADD1ED27D369D700DC6481 /* GetAndPostTestUITests */,
				83ADD1CB27D369D000DC6481 /* Products */,
			);
			sourceTree = "<group>";
		};
		83ADD1CB27D369D000DC6481 /* Products */ = {
			isa = PBXGroup;
			children = (
				83ADD1CA27D369D000DC6481 /* GetAndPostTest.app */,
				83ADD1E027D369D700DC6481 /* GetAndPostTestTests.xctest */,
				83ADD1EA27D369D700DC6481 /* GetAndPostTestUITests.xctest */,
			);
			name = Products;
			sourceTree = "<group>";
		};
		83ADD1CC27D369D000DC6481 /* GetAndPostTest */ = {
			isa = PBXGroup;
			children = (
				83ADD1CD27D369D000DC6481 /* AppDelegate.swift */,
				83ADD1CF27D369D000DC6481 /* SceneDelegate.swift */,
				83ADD1D127D369D000DC6481 /* ViewController.swift */,
				83ADD1D327D369D000DC6481 /* Main.storyboard */,
				83ADD1D627D369D600DC6481 /* Assets.xcassets */,
				83ADD1D827D369D600DC6481 /* LaunchScreen.storyboard */,
				83ADD1DB27D369D600DC6481 /* Info.plist */,
			);
			path = GetAndPostTest;
			sourceTree = "<group>";
		};
		83ADD1E327D369D700DC6481 /* GetAndPostTestTests */ = {
			isa = PBXGroup;
			children = (
				83ADD1E427D369D700DC6481 /* GetAndPostTestTests.swift */,
			);
			path = GetAndPostTestTests;
			sourceTree = "<group>";
		};
		83ADD1ED27D369D700DC6481 /* GetAndPostTestUITests */ = {
			isa = PBXGroup;
			children = (
				83ADD1EE27D369D700DC6481 /* GetAndPostTestUITests.swift */,
				83ADD1F027D369D700DC6481 /* GetAndPostTestUITestsLaunchTests.swift */,
			);
			path = GetAndPostTestUITests;
			sourceTree = "<group>";
		};
/* End PBXGroup section */

/* Begin PBXNativeTarget section */
		83ADD1C927D369D000DC6481 /* GetAndPostTest */ = {
			isa = PBXNativeTarget;
			buildConfigurationList = 83ADD1F427D369D700DC6481 /* Build configuration list for PBXNativeTarget "GetAndPostTest" */;
			buildPhases = (
				83ADD1C627D369D000DC6481 /* Sources */,
				83ADD1C727D369D000DC6481 /* Frameworks */,
				83ADD1C827D369D000DC6481 /* Resources */,
			);
			buildRules = (
			);
			dependencies = (
			);
			name = GetAndPostTest;
			productName = GetAndPostTest;
			productReference = 83ADD1CA27D369D000DC6481 /* GetAndPostTest.app */;
			productType = "com.apple.product-type.application";
		};
		83ADD1DF27D369D700DC6481 /* GetAndPostTestTests */ = {
			isa = PBXNativeTarget;
			buildConfigurationList = 83ADD1F727D369D700DC6481 /* Build configuration list for PBXNativeTarget "GetAndPostTestTests" */;
			buildPhases = (
				83ADD1DC27D369D700DC6481 /* Sources */,
				83ADD1DD27D369D700DC6481 /* Frameworks */,
				83ADD1DE27D369D700DC6481 /* Resources */,
			);
			buildRules = (
			);
			dependencies = (
				83ADD1E227D369D700DC6481 /* PBXTargetDependency */,
			);
			name = GetAndPostTestTests;
			productName = GetAndPostTestTests;
			productReference = 83ADD1E027D369D700DC6481 /* GetAndPostTestTests.xctest */;
			productType = "com.apple.product-type.bundle.unit-test";
		};
		83ADD1E927D369D700DC6481 /* GetAndPostTestUITests */ = {
			isa = PBXNativeTarget;
			buildConfigurationList = 83ADD1FA27D369D700DC6481 /* Build configuration list for PBXNativeTarget "GetAndPostTestUITests" */;
			buildPhases = (
				83ADD1E627D369D700DC6481 /* Sources */,
				83ADD1E727D369D700DC6481 /* Frameworks */,
				83ADD1E827D369D700DC6481 /* Resources */,
			);
			buildRules = (
			);
			dependencies = (
				83ADD1EC27D369D700DC6481 /* PBXTargetDependency */,
			);
			name = GetAndPostTestUITests;
			productName = GetAndPostTestUITests;
			productReference = 83ADD1EA27D369D700DC6481 /* GetAndPostTestUITests.xctest */;
			productType = "com.apple.product-type.bundle.ui-testing";
		};
/* End PBXNativeTarget section */

/* Begin PBXProject section */
		83ADD1C227D369D000DC6481 /* Project object */ = {
			isa = PBXProject;
			attributes = {
				BuildIndependentTargetsInParallel = 1;
				LastSwiftUpdateCheck = 1320;
				LastUpgradeCheck = 1320;
				TargetAttributes = {
					83ADD1C927D369D000DC6481 = {
						CreatedOnToolsVersion = 13.2.1;
					};
					83ADD1DF27D369D700DC6481 = {
						CreatedOnToolsVersion = 13.2.1;
						TestTargetID = 83ADD1C927D369D000DC6481;
					};
					83ADD1E927D369D700DC6481 = {
						CreatedOnToolsVersion = 13.2.1;
						TestTargetID = 83ADD1C927D369D000DC6481;
					};
				};
			};
			buildConfigurationList = 83ADD1C527D369D000DC6481 /* Build configuration list for PBXProject "GetAndPostTest" */;
			compatibilityVersion = "Xcode 13.0";
			developmentRegion = en;
			hasScannedForEncodings = 0;
			knownRegions = (
				en,
				Base,
			);
			mainGroup = 83ADD1C127D369D000DC6481;
			productRefGroup = 83ADD1CB27D369D000DC6481 /* Products */;
			projectDirPath = "";
			projectRoot = "";
			targets = (
				83ADD1C927D369D000DC6481 /* GetAndPostTest */,
				83ADD1DF27D369D700DC6481 /* GetAndPostTestTests */,
				83ADD1E927D369D700DC6481 /* GetAndPostTestUITests */,
			);
		};
/* End PBXProject section */

/* Begin PBXResourcesBuildPhase section */
		83ADD1C827D369D000DC6481 /* Resources */ = {
			isa = PBXResourcesBuildPhase;
			buildActionMask = 2147483647;
			files = (
				83ADD1DA27D369D600DC6481 /* LaunchScreen.storyboard in Resources */,
				83ADD1D727D369D600DC6481 /* Assets.xcassets in Resources */,
				83ADD1D527D369D000DC6481 /* Main.storyboard in Resources */,
			);
			runOnlyForDeploymentPostprocessing = 0;
		};
		83ADD1DE27D369D700DC6481 /* Resources */ = {
			isa = PBXResourcesBuildPhase;
			buildActionMask = 2147483647;
			files = (
			);
			runOnlyForDeploymentPostprocessing = 0;
		};
		83ADD1E827D369D700DC6481 /* Resources */ = {
			isa = PBXResourcesBuildPhase;
			buildActionMask = 2147483647;
			files = (
			);
			runOnlyForDeploymentPostprocessing = 0;
		};
/* End PBXResourcesBuildPhase section */

/* Begin PBXSourcesBuildPhase section */
		83ADD1C627D369D000DC6481 /* Sources */ = {
			isa = PBXSourcesBuildPhase;
			buildActionMask = 2147483647;
			files = (
				83ADD1D227D369D000DC6481 /* ViewController.swift in Sources */,
				83ADD1CE27D369D000DC6481 /* AppDelegate.swift in Sources */,
				83ADD1D027D369D000DC6481 /* SceneDelegate.swift in Sources */,
			);
			runOnlyForDeploymentPostprocessing = 0;
		};
		83ADD1DC27D369D700DC6481 /* Sources */ = {
			isa = PBXSourcesBuildPhase;
			buildActionMask = 2147483647;
			files = (
				83ADD1E527D369D700DC6481 /* GetAndPostTestTests.swift in Sources */,
			);
			runOnlyForDeploymentPostprocessing = 0;
		};
		83ADD1E627D369D700DC6481 /* Sources */ = {
			isa = PBXSourcesBuildPhase;
			buildActionMask = 2147483647;
			files = (
				83ADD1EF27D369D700DC6481 /* GetAndPostTestUITests.swift in Sources */,
				83ADD1F127D369D700DC6481 /* GetAndPostTestUITestsLaunchTests.swift in Sources */,
			);
			runOnlyForDeploymentPostprocessing = 0;
		};
/* End PBXSourcesBuildPhase section */

/* Begin PBXTargetDependency section */
		83ADD1E227D369D700DC6481 /* PBXTargetDependency */ = {
			isa = PBXTargetDependency;
			target = 83ADD1C927D369D000DC6481 /* GetAndPostTest */;
			targetProxy = 83ADD1E127D369D700DC6481 /* PBXContainerItemProxy */;
		};
		83ADD1EC27D369D700DC6481 /* PBXTargetDependency */ = {
			isa = PBXTargetDependency;
			target = 83ADD1C927D369D000DC6481 /* GetAndPostTest */;
			targetProxy = 83ADD1EB27D369D700DC6481 /* PBXContainerItemProxy */;
		};
/* End PBXTargetDependency section */

/* Begin PBXVariantGroup section */
		83ADD1D327D369D000DC6481 /* Main.storyboard */ = {
			isa = PBXVariantGroup;
			children = (
				83ADD1D427D369D000DC6481 /* Base */,
			);
			name = Main.storyboard;
			sourceTree = "<group>";
		};
		83ADD1D827D369D600DC6481 /* LaunchScreen.storyboard */ = {
			isa = PBXVariantGroup;
			children = (
				83ADD1D927D369D600DC6481 /* Base */,
			);
			name = LaunchScreen.storyboard;
			sourceTree = "<group>";
		};
/* End PBXVariantGroup section */

/* Begin XCBuildConfiguration section */
		83ADD1F227D369D700DC6481 /* Debug */ = {
			isa = XCBuildConfiguration;
			buildSettings = {
				ALWAYS_SEARCH_USER_PATHS = NO;
				CLANG_ANALYZER_NONNULL = YES;
				CLANG_ANALYZER_NUMBER_OBJECT_CONVERSION = YES_AGGRESSIVE;
				CLANG_CXX_LANGUAGE_STANDARD = "gnu++17";
				CLANG_CXX_LIBRARY = "libc++";
				CLANG_ENABLE_MODULES = YES;
				CLANG_ENABLE_OBJC_ARC = YES;
				CLANG_ENABLE_OBJC_WEAK = YES;
				CLANG_WARN_BLOCK_CAPTURE_AUTORELEASING = YES;
				CLANG_WARN_BOOL_CONVERSION = YES;
				CLANG_WARN_COMMA = YES;
				CLANG_WARN_CONSTANT_CONVERSION = YES;
				CLANG_WARN_DEPRECATED_OBJC_IMPLEMENTATIONS = YES;
				CLANG_WARN_DIRECT_OBJC_ISA_USAGE = YES_ERROR;
				CLANG_WARN_DOCUMENTATION_COMMENTS = YES;
				CLANG_WARN_EMPTY_BODY = YES;
				CLANG_WARN_ENUM_CONVERSION = YES;
				CLANG_WARN_INFINITE_RECURSION = YES;
				CLANG_WARN_INT_CONVERSION = YES;
				CLANG_WARN_NON_LITERAL_NULL_CONVERSION = YES;
				CLANG_WARN_OBJC_IMPLICIT_RETAIN_SELF = YES;
				CLANG_WARN_OBJC_LITERAL_CONVERSION = YES;
				CLANG_WARN_OBJC_ROOT_CLASS = YES_ERROR;
				CLANG_WARN_QUOTED_INCLUDE_IN_FRAMEWORK_HEADER = YES;
				CLANG_WARN_RANGE_LOOP_ANALYSIS = YES;
				CLANG_WARN_STRICT_PROTOTYPES = YES;
				CLANG_WARN_SUSPICIOUS_MOVE = YES;
				CLANG_WARN_UNGUARDED_AVAILABILITY = YES_AGGRESSIVE;
				CLANG_WARN_UNREACHABLE_CODE = YES;
				CLANG_WARN__DUPLICATE_METHOD_MATCH = YES;
				COPY_PHASE_STRIP = NO;
				DEBUG_INFORMATION_FORMAT = dwarf;
				ENABLE_STRICT_OBJC_MSGSEND = YES;
				ENABLE_TESTABILITY = YES;
				GCC_C_LANGUAGE_STANDARD = gnu11;
				GCC_DYNAMIC_NO_PIC = NO;
				GCC_NO_COMMON_BLOCKS = YES;
				GCC_OPTIMIZATION_LEVEL = 0;
				GCC_PREPROCESSOR_DEFINITIONS = (
					"DEBUG=1",
					"$(inherited)",
				);
				GCC_WARN_64_TO_32_BIT_CONVERSION = YES;
				GCC_WARN_ABOUT_RETURN_TYPE = YES_ERROR;
				GCC_WARN_UNDECLARED_SELECTOR = YES;
				GCC_WARN_UNINITIALIZED_AUTOS = YES_AGGRESSIVE;
				GCC_WARN_UNUSED_FUNCTION = YES;
				GCC_WARN_UNUSED_VARIABLE = YES;
				IPHONEOS_DEPLOYMENT_TARGET = 15.2;
				MTL_ENABLE_DEBUG_INFO = INCLUDE_SOURCE;
				MTL_FAST_MATH = YES;
				ONLY_ACTIVE_ARCH = YES;
				SDKROOT = iphoneos;
				SWIFT_ACTIVE_COMPILATION_CONDITIONS = DEBUG;
				SWIFT_OPTIMIZATION_LEVEL = "-Onone";
			};
			name = Debug;
		};
		83ADD1F327D369D700DC6481 /* Release */ = {
			isa = XCBuildConfiguration;
			buildSettings = {
				ALWAYS_SEARCH_USER_PATHS = NO;
				CLANG_ANALYZER_NONNULL = YES;
				CLANG_ANALYZER_NUMBER_OBJECT_CONVERSION = YES_AGGRESSIVE;
				CLANG_CXX_LANGUAGE_STANDARD = "gnu++17";
				CLANG_CXX_LIBRARY = "libc++";
				CLANG_ENABLE_MODULES = YES;
				CLANG_ENABLE_OBJC_ARC = YES;
				CLANG_ENABLE_OBJC_WEAK = YES;
				CLANG_WARN_BLOCK_CAPTURE_AUTORELEASING = YES;
				CLANG_WARN_BOOL_CONVERSION = YES;
				CLANG_WARN_COMMA = YES;
				CLANG_WARN_CONSTANT_CONVERSION = YES;
				CLANG_WARN_DEPRECATED_OBJC_IMPLEMENTATIONS = YES;
				CLANG_WARN_DIRECT_OBJC_ISA_USAGE = YES_ERROR;
				CLANG_WARN_DOCUMENTATION_COMMENTS = YES;
				CLANG_WARN_EMPTY_BODY = YES;
				CLANG_WARN_ENUM_CONVERSION = YES;
				CLANG_WARN_INFINITE_RECURSION = YES;
				CLANG_WARN_INT_CONVERSION = YES;
				CLANG_WARN_NON_LITERAL_NULL_CONVERSION = YES;
				CLANG_WARN_OBJC_IMPLICIT_RETAIN_SELF = YES;
				CLANG_WARN_OBJC_LITERAL_CONVERSION = YES;
				CLANG_WARN_OBJC_ROOT_CLASS = YES_ERROR;
				CLANG_WARN_QUOTED_INCLUDE_IN_FRAMEWORK_HEADER = YES;
				CLANG_WARN_RANGE_LOOP_ANALYSIS = YES;
				CLANG_WARN_STRICT_PROTOTYPES = YES;
				CLANG_WARN_SUSPICIOUS_MOVE = YES;
				CLANG_WARN_UNGUARDED_AVAILABILITY = YES_AGGRESSIVE;
				CLANG_WARN_UNREACHABLE_CODE = YES;
				CLANG_WARN__DUPLICATE_METHOD_MATCH = YES;
				COPY_PHASE_STRIP = NO;
				DEBUG_INFORMATION_FORMAT = "dwarf-with-dsym";
				ENABLE_NS_ASSERTIONS = NO;
				ENABLE_STRICT_OBJC_MSGSEND = YES;
				GCC_C_LANGUAGE_STANDARD = gnu11;
				GCC_NO_COMMON_BLOCKS = YES;
				GCC_WARN_64_TO_32_BIT_CONVERSION = YES;
				GCC_WARN_ABOUT_RETURN_TYPE = YES_ERROR;
				GCC_WARN_UNDECLARED_SELECTOR = YES;
				GCC_WARN_UNINITIALIZED_AUTOS = YES_AGGRESSIVE;
				GCC_WARN_UNUSED_FUNCTION = YES;
				GCC_WARN_UNUSED_VARIABLE = YES;
				IPHONEOS_DEPLOYMENT_TARGET = 15.2;
				MTL_ENABLE_DEBUG_INFO = NO;
				MTL_FAST_MATH = YES;
				SDKROOT = iphoneos;
				SWIFT_COMPILATION_MODE = wholemodule;
				SWIFT_OPTIMIZATION_LEVEL = "-O";
				VALIDATE_PRODUCT = YES;
			};
			name = Release;
		};
		83ADD1F527D369D700DC6481 /* Debug */ = {
			isa = XCBuildConfiguration;
			buildSettings = {
				ASSETCATALOG_COMPILER_APPICON_NAME = AppIcon;
				ASSETCATALOG_COMPILER_GLOBAL_ACCENT_COLOR_NAME = AccentColor;
				CODE_SIGN_STYLE = Automatic;
				CURRENT_PROJECT_VERSION = 1;
				DEVELOPMENT_TEAM = 8CUVDSNA6Y;
				GENERATE_INFOPLIST_FILE = YES;
				INFOPLIST_FILE = GetAndPostTest/Info.plist;
				INFOPLIST_KEY_UIApplicationSupportsIndirectInputEvents = YES;
				INFOPLIST_KEY_UILaunchStoryboardName = LaunchScreen;
				INFOPLIST_KEY_UIMainStoryboardFile = Main;
				INFOPLIST_KEY_UISupportedInterfaceOrientations_iPad = "UIInterfaceOrientationPortrait UIInterfaceOrientationPortraitUpsideDown UIInterfaceOrientationLandscapeLeft UIInterfaceOrientationLandscapeRight";
				INFOPLIST_KEY_UISupportedInterfaceOrientations_iPhone = "UIInterfaceOrientationPortrait UIInterfaceOrientationLandscapeLeft UIInterfaceOrientationLandscapeRight";
				LD_RUNPATH_SEARCH_PATHS = (
					"$(inherited)",
					"@executable_path/Frameworks",
				);
				MARKETING_VERSION = 1.0;
				PRODUCT_BUNDLE_IDENTIFIER = io.GetAndPostTest;
				PRODUCT_NAME = "$(TARGET_NAME)";
				SWIFT_EMIT_LOC_STRINGS = YES;
				SWIFT_VERSION = 5.0;
				TARGETED_DEVICE_FAMILY = "1,2";
			};
			name = Debug;
		};
		83ADD1F627D369D700DC6481 /* Release */ = {
			isa = XCBuildConfiguration;
			buildSettings = {
				ASSETCATALOG_COMPILER_APPICON_NAME = AppIcon;
				ASSETCATALOG_COMPILER_GLOBAL_ACCENT_COLOR_NAME = AccentColor;
				CODE_SIGN_STYLE = Automatic;
				CURRENT_PROJECT_VERSION = 1;
				DEVELOPMENT_TEAM = 8CUVDSNA6Y;
				GENERATE_INFOPLIST_FILE = YES;
				INFOPLIST_FILE = GetAndPostTest/Info.plist;
				INFOPLIST_KEY_UIApplicationSupportsIndirectInputEvents = YES;
				INFOPLIST_KEY_UILaunchStoryboardName = LaunchScreen;
				INFOPLIST_KEY_UIMainStoryboardFile = Main;
				INFOPLIST_KEY_UISupportedInterfaceOrientations_iPad = "UIInterfaceOrientationPortrait UIInterfaceOrientationPortraitUpsideDown UIInterfaceOrientationLandscapeLeft UIInterfaceOrientationLandscapeRight";
				INFOPLIST_KEY_UISupportedInterfaceOrientations_iPhone = "UIInterfaceOrientationPortrait UIInterfaceOrientationLandscapeLeft UIInterfaceOrientationLandscapeRight";
				LD_RUNPATH_SEARCH_PATHS = (
					"$(inherited)",
					"@executable_path/Frameworks",
				);
				MARKETING_VERSION = 1.0;
				PRODUCT_BUNDLE_IDENTIFIER = io.GetAndPostTest;
				PRODUCT_NAME = "$(TARGET_NAME)";
				SWIFT_EMIT_LOC_STRINGS = YES;
				SWIFT_VERSION = 5.0;
				TARGETED_DEVICE_FAMILY = "1,2";
			};
			name = Release;
		};
		83ADD1F827D369D700DC6481 /* Debug */ = {
			isa = XCBuildConfiguration;
			buildSettings = {
				ALWAYS_EMBED_SWIFT_STANDARD_LIBRARIES = YES;
				BUNDLE_LOADER = "$(TEST_HOST)";
				CODE_SIGN_STYLE = Automatic;
				CURRENT_PROJECT_VERSION = 1;
				DEVELOPMENT_TEAM = 8CUVDSNA6Y;
				GENERATE_INFOPLIST_FILE = YES;
				IPHONEOS_DEPLOYMENT_TARGET = 15.2;
				MARKETING_VERSION = 1.0;
				PRODUCT_BUNDLE_IDENTIFIER = io.GetAndPostTestTests;
				PRODUCT_NAME = "$(TARGET_NAME)";
				SWIFT_EMIT_LOC_STRINGS = NO;
				SWIFT_VERSION = 5.0;
				TARGETED_DEVICE_FAMILY = "1,2";
				TEST_HOST = "$(BUILT_PRODUCTS_DIR)/GetAndPostTest.app/GetAndPostTest";
			};
			name = Debug;
		};
		83ADD1F927D369D700DC6481 /* Release */ = {
			isa = XCBuildConfiguration;
			buildSettings = {
				ALWAYS_EMBED_SWIFT_STANDARD_LIBRARIES = YES;
				BUNDLE_LOADER = "$(TEST_HOST)";
				CODE_SIGN_STYLE = Automatic;
				CURRENT_PROJECT_VERSION = 1;
				DEVELOPMENT_TEAM = 8CUVDSNA6Y;
				GENERATE_INFOPLIST_FILE = YES;
				IPHONEOS_DEPLOYMENT_TARGET = 15.2;
				MARKETING_VERSION = 1.0;
				PRODUCT_BUNDLE_IDENTIFIER = io.GetAndPostTestTests;
				PRODUCT_NAME = "$(TARGET_NAME)";
				SWIFT_EMIT_LOC_STRINGS = NO;
				SWIFT_VERSION = 5.0;
				TARGETED_DEVICE_FAMILY = "1,2";
				TEST_HOST = "$(BUILT_PRODUCTS_DIR)/GetAndPostTest.app/GetAndPostTest";
			};
			name = Release;
		};
		83ADD1FB27D369D700DC6481 /* Debug */ = {
			isa = XCBuildConfiguration;
			buildSettings = {
				ALWAYS_EMBED_SWIFT_STANDARD_LIBRARIES = YES;
				CODE_SIGN_STYLE = Automatic;
				CURRENT_PROJECT_VERSION = 1;
				DEVELOPMENT_TEAM = 8CUVDSNA6Y;
				GENERATE_INFOPLIST_FILE = YES;
				MARKETING_VERSION = 1.0;
				PRODUCT_BUNDLE_IDENTIFIER = io.GetAndPostTestUITests;
				PRODUCT_NAME = "$(TARGET_NAME)";
				SWIFT_EMIT_LOC_STRINGS = NO;
				SWIFT_VERSION = 5.0;
				TARGETED_DEVICE_FAMILY = "1,2";
				TEST_TARGET_NAME = GetAndPostTest;
			};
			name = Debug;
		};
		83ADD1FC27D369D700DC6481 /* Release */ = {
			isa = XCBuildConfiguration;
			buildSettings = {
				ALWAYS_EMBED_SWIFT_STANDARD_LIBRARIES = YES;
				CODE_SIGN_STYLE = Automatic;
				CURRENT_PROJECT_VERSION = 1;
				DEVELOPMENT_TEAM = 8CUVDSNA6Y;
				GENERATE_INFOPLIST_FILE = YES;
				MARKETING_VERSION = 1.0;
				PRODUCT_BUNDLE_IDENTIFIER = io.GetAndPostTestUITests;
				PRODUCT_NAME = "$(TARGET_NAME)";
				SWIFT_EMIT_LOC_STRINGS = NO;
				SWIFT_VERSION = 5.0;
				TARGETED_DEVICE_FAMILY = "1,2";
				TEST_TARGET_NAME = GetAndPostTest;
			};
			name = Release;
		};
/* End XCBuildConfiguration section */

/* Begin XCConfigurationList section */
		83ADD1C527D369D000DC6481 /* Build configuration list for PBXProject "GetAndPostTest" */ = {
			isa = XCConfigurationList;
			buildConfigurations = (
				83ADD1F227D369D700DC6481 /* Debug */,
				83ADD1F327D369D700DC6481 /* Release */,
			);
			defaultConfigurationIsVisible = 0;
			defaultConfigurationName = Release;
		};
		83ADD1F427D369D700DC6481 /* Build configuration list for PBXNativeTarget "GetAndPostTest" */ = {
			isa = XCConfigurationList;
			buildConfigurations = (
				83ADD1F527D369D700DC6481 /* Debug */,
				83ADD1F627D369D700DC6481 /* Release */,
			);
			defaultConfigurationIsVisible = 0;
			defaultConfigurationName = Release;
		};
		83ADD1F727D369D700DC6481 /* Build configuration list for PBXNativeTarget "GetAndPostTestTests" */ = {
			isa = XCConfigurationList;
			buildConfigurations = (
				83ADD1F827D369D700DC6481 /* Debug */,
				83ADD1F927D369D700DC6481 /* Release */,
			);
			defaultConfigurationIsVisible = 0;
			defaultConfigurationName = Release;
		};
		83ADD1FA27D369D700DC6481 /* Build configuration list for PBXNativeTarget "GetAndPostTestUITests" */ = {
			isa = XCConfigurationList;
			buildConfigurations = (
				83ADD1FB27D369D700DC6481 /* Debug */,
				83ADD1FC27D369D700DC6481 /* Release */,
			);
			defaultConfigurationIsVisible = 0;
			defaultConfigurationName = Release;
		};
/* End XCConfigurationList section */
	};
	rootObject = 83ADD1C227D369D000DC6481 /* Project object */;
}
